
Microsoft Visual Studio Solution File, Format Version 12.00
# Visual Studio Version 17
VisualStudioVersion = 17.9.34902.65
MinimumVisualStudioVersion = 10.0.40219.1
Project("{FAE04EC0-301F-11D3-BF4B-00C04F79EFBC}") = "GemHuntersAssignment", "GemHuntersAssignment\GemHuntersAssignment.csproj", "{0FEA711E-F3A3-4A0D-90E0-0FE0BF5DF404}"
EndProject
Global
	GlobalSection(SolutionConfigurationPlatforms) = preSolution
		Debug|Any CPU = Debug|Any CPU
		Release|Any CPU = Release|Any CPU
	EndGlobalSection
	GlobalSection(ProjectConfigurationPlatforms) = postSolution
		{0FEA711E-F3A3-4A0D-90E0-0FE0BF5DF404}.Debug|Any CPU.ActiveCfg = Debug|Any CPU
		{0FEA711E-F3A3-4A0D-90E0-0FE0BF5DF404}.Debug|Any CPU.Build.0 = Debug|Any CPU
		{0FEA711E-F3A3-4A0D-90E0-0FE0BF5DF404}.Release|Any CPU.ActiveCfg = Release|Any CPU
		{0FEA711E-F3A3-4A0D-90E0-0FE0BF5DF404}.Release|Any CPU.Build.0 = Release|Any CPU
	EndGlobalSection
	GlobalSection(SolutionProperties) = preSolution
		HideSolutionNode = FALSE
	EndGlobalSection
	GlobalSection(ExtensibilityGlobals) = postSolution
		SolutionGuid = {022C0F14-C197-4B05-9251-CC32FE74A4CF}
	EndGlobalSection
EndGlobal
